{
  "name": "dirextalk-deployer",
  "version": "0.1.93",
  "lockfileVersion": 3,
  "requires": true,
  "packages": {
    "": {
      "name": "dirextalk-deployer",
      "version": "0.1.93",
      "license": "MIT",
      "bin": {
        "dirextalk-deployer": "bin/dirextalk-deployer.mjs"
      },
      "engines": {
        "node": ">=18"
      }
    }
  }
}
